
Microsoft Visual Studio Solution File, Format Version 12.00
# Visual Studio Version 17
VisualStudioVersion = 17.3.32929.385
MinimumVisualStudioVersion = 10.0.40219.1
Project("{FAE04EC0-301F-11D3-BF4B-00C04F79EFBC}") = "SearchAlgorithm", "SearchAlgorithm\SearchAlgorithm.csproj", "{663BAA7D-F74A-41C6-800A-F973E9B3DF64}"
EndProject
Global
	GlobalSection(SolutionConfigurationPlatforms) = preSolution
		Debug|Any CPU = Debug|Any CPU
		Release|Any CPU = Release|Any CPU
	EndGlobalSection
	GlobalSection(ProjectConfigurationPlatforms) = postSolution
		{663BAA7D-F74A-41C6-800A-F973E9B3DF64}.Debug|Any CPU.ActiveCfg = Debug|Any CPU
		{663BAA7D-F74A-41C6-800A-F973E9B3DF64}.Debug|Any CPU.Build.0 = Debug|Any CPU
		{663BAA7D-F74A-41C6-800A-F973E9B3DF64}.Release|Any CPU.ActiveCfg = Release|Any CPU
		{663BAA7D-F74A-41C6-800A-F973E9B3DF64}.Release|Any CPU.Build.0 = Release|Any CPU
	EndGlobalSection
	GlobalSection(SolutionProperties) = preSolution
		HideSolutionNode = FALSE
	EndGlobalSection
	GlobalSection(ExtensibilityGlobals) = postSolution
		SolutionGuid = {2157979A-4173-4B51-A154-6C727196AA9B}
	EndGlobalSection
EndGlobal
